// !$*UTF8*$!
{
	archiveVersion = 1;
	classes = {
	};
	objectVersion = 50;
	objects = {

/* Begin PBXBuildFile section */
		FF3848D424C05DB1005E4BFA /* AppDelegate.swift in Sources */ = {isa = PBXBuildFile; fileRef = FF3848D324C05DB1005E4BFA /* AppDelegate.swift */; };
		FF3848D624C05DB1005E4BFA /* SceneDelegate.swift in Sources */ = {isa = PBXBuildFile; fileRef = FF3848D524C05DB1005E4BFA /* SceneDelegate.swift */; };
		FF3848D824C05DB1005E4BFA /* ContentView.swift in Sources */ = {isa = PBXBuildFile; fileRef = FF3848D724C05DB1005E4BFA /* ContentView.swift */; };
		FF3848DA24C05DB2005E4BFA /* Assets.xcassets in Resources */ = {isa = PBXBuildFile; fileRef = FF3848D924C05DB2005E4BFA /* Assets.xcassets */; };
		FF3848DD24C05DB2005E4BFA /* Preview Assets.xcassets in Resources */ = {isa = PBXBuildFile; fileRef = FF3848DC24C05DB2005E4BFA /* Preview Assets.xcassets */; };
		FF3848E024C05DB2005E4BFA /* LaunchScreen.storyboard in Resources */ = {isa = PBXBuildFile; fileRef = FF3848DE24C05DB2005E4BFA /* LaunchScreen.storyboard */; };
		FF3848E824C05E57005E4BFA /* ColorSliderView.swift in Sources */ = {isa = PBXBuildFile; fileRef = FF3848E724C05E57005E4BFA /* ColorSliderView.swift */; };
		FF3848EA24C05E84005E4BFA /* OpacitySliderView.swift in Sources */ = {isa = PBXBuildFile; fileRef = FF3848E924C05E84005E4BFA /* OpacitySliderView.swift */; };
/* End PBXBuildFile section */

/* Begin PBXFileReference section */
		FF3848D024C05DB1005E4BFA /* SwiftUIDemoFive.app */ = {isa = PBXFileReference; explicitFileType = wrapper.application; includeInIndex = 0; path = SwiftUIDemoFive.app; sourceTree = BUILT_PRODUCTS_DIR; };
		FF3848D324C05DB1005E4BFA /* AppDelegate.swift */ = {isa = PBXFileReference; lastKnownFileType = sourcecode.swift; path = AppDelegate.swift; sourceTree = "<group>"; };
		FF3848D524C05DB1005E4BFA /* SceneDelegate.swift */ = {isa = PBXFileReference; lastKnownFileType = sourcecode.swift; path = SceneDelegate.swift; sourceTree = "<group>"; };
		FF3848D724C05DB1005E4BFA /* ContentView.swift */ = {isa = PBXFileReference; lastKnownFileType = sourcecode.swift; path = ContentView.swift; sourceTree = "<group>"; };
		FF3848D924C05DB2005E4BFA /* Assets.xcassets */ = {isa = PBXFileReference; lastKnownFileType = folder.assetcatalog; path = Assets.xcassets; sourceTree = "<group>"; };
		FF3848DC24C05DB2005E4BFA /* Preview Assets.xcassets */ = {isa = PBXFileReference; lastKnownFileType = folder.assetcatalog; path = "Preview Assets.xcassets"; sourceTree = "<group>"; };
		FF3848DF24C05DB2005E4BFA /* Base */ = {isa = PBXFileReference; lastKnownFileType = file.storyboard; name = Base; path = Base.lproj/LaunchScreen.storyboard; sourceTree = "<group>"; };
		FF3848E124C05DB2005E4BFA /* Info.plist */ = {isa = PBXFileReference; lastKnownFileType = text.plist.xml; path = Info.plist; sourceTree = "<group>"; };
		FF3848E724C05E57005E4BFA /* ColorSliderView.swift */ = {isa = PBXFileReference; lastKnownFileType = sourcecode.swift; path = ColorSliderView.swift; sourceTree = "<group>"; };
		FF3848E924C05E84005E4BFA /* OpacitySliderView.swift */ = {isa = PBXFileReference; lastKnownFileType = sourcecode.swift; path = OpacitySliderView.swift; sourceTree = "<group>"; };
/* End PBXFileReference section */

/* Begin PBXFrameworksBuildPhase section */
		FF3848CD24C05DB1005E4BFA /* Frameworks */ = {
			isa = PBXFrameworksBuildPhase;
			buildActionMask = 2147483647;
			files = (
			);
			runOnlyForDeploymentPostprocessing = 0;
		};
/* End PBXFrameworksBuildPhase section */

/* Begin PBXGroup section */
		FF3848C724C05DB1005E4BFA = {
			isa = PBXGroup;
			children = (
				FF3848D224C05DB1005E4BFA /* SwiftUIDemoFive */,
				FF3848D124C05DB1005E4BFA /* Products */,
			);
			sourceTree = "<group>";
		};
		FF3848D124C05DB1005E4BFA /* Products */ = {
			isa = PBXGroup;
			children = (
				FF3848D024C05DB1005E4BFA /* SwiftUIDemoFive.app */,
			);
			name = Products;
			sourceTree = "<group>";
		};
		FF3848D224C05DB1005E4BFA /* SwiftUIDemoFive */ = {
			isa = PBXGroup;
			children = (
				FF3848D324C05DB1005E4BFA /* AppDelegate.swift */,
				FF3848D524C05DB1005E4BFA /* SceneDelegate.swift */,
				FF3848D724C05DB1005E4BFA /* ContentView.swift */,
				FF3848E724C05E57005E4BFA /* ColorSliderView.swift */,
				FF3848E924C05E84005E4BFA /* OpacitySliderView.swift */,
				FF3848D924C05DB2005E4BFA /* Assets.xcassets */,
				FF3848DE24C05DB2005E4BFA /* LaunchScreen.storyboard */,
				FF3848E124C05DB2005E4BFA /* Info.plist */,
				FF3848DB24C05DB2005E4BFA /* Preview Content */,
			);
			path = SwiftUIDemoFive;
			sourceTree = "<group>";
		};
		FF3848DB24C05DB2005E4BFA /* Preview Content */ = {
			isa = PBXGroup;
			children = (
				FF3848DC24C05DB2005E4BFA /* Preview Assets.xcassets */,
			);
			path = "Preview Content";
			sourceTree = "<group>";
		};
/* End PBXGroup section */

/* Begin PBXNativeTarget section */
		FF3848CF24C05DB1005E4BFA /* SwiftUIDemoFive */ = {
			isa = PBXNativeTarget;
			buildConfigurationList = FF3848E424C05DB2005E4BFA /* Build configuration list for PBXNativeTarget "SwiftUIDemoFive" */;
			buildPhases = (
				FF3848CC24C05DB1005E4BFA /* Sources */,
				FF3848CD24C05DB1005E4BFA /* Frameworks */,
				FF3848CE24C05DB1005E4BFA /* Resources */,
			);
			buildRules = (
			);
			dependencies = (
			);
			name = SwiftUIDemoFive;
			productName = SwiftUIDemoFive;
			productReference = FF3848D024C05DB1005E4BFA /* SwiftUIDemoFive.app */;
			productType = "com.apple.product-type.application";
		};
/* End PBXNativeTarget section */

/* Begin PBXProject section */
		FF3848C824C05DB1005E4BFA /* Project object */ = {
			isa = PBXProject;
			attributes = {
				LastSwiftUpdateCheck = 1150;
				LastUpgradeCheck = 1150;
				ORGANIZATIONNAME = "Fahim Rahman";
				TargetAttributes = {
					FF3848CF24C05DB1005E4BFA = {
						CreatedOnToolsVersion = 11.5;
					};
				};
			};
			buildConfigurationList = FF3848CB24C05DB1005E4BFA /* Build configuration list for PBXProject "SwiftUIDemoFive" */;
			compatibilityVersion = "Xcode 9.3";
			developmentRegion = en;
			hasScannedForEncodings = 0;
			knownRegions = (
				en,
				Base,
			);
			mainGroup = FF3848C724C05DB1005E4BFA;
			productRefGroup = FF3848D124C05DB1005E4BFA /* Products */;
			projectDirPath = "";
			projectRoot = "";
			targets = (
				FF3848CF24C05DB1005E4BFA /* SwiftUIDemoFive */,
			);
		};
/* End PBXProject section */

/* Begin PBXResourcesBuildPhase section */
		FF3848CE24C05DB1005E4BFA /* Resources */ = {
			isa = PBXResourcesBuildPhase;
			buildActionMask = 2147483647;
			files = (
				FF3848E024C05DB2005E4BFA /* LaunchScreen.storyboard in Resources */,
				FF3848DD24C05DB2005E4BFA /* Preview Assets.xcassets in Resources */,
				FF3848DA24C05DB2005E4BFA /* Assets.xcassets in Resources */,
			);
			runOnlyForDeploymentPostprocessing = 0;
		};
/* End PBXResourcesBuildPhase section */

/* Begin PBXSourcesBuildPhase section */
		FF3848CC24C05DB1005E4BFA /* Sources */ = {
			isa = PBXSourcesBuildPhase;
			buildActionMask = 2147483647;
			files = (
				FF3848D424C05DB1005E4BFA /* AppDelegate.swift in Sources */,
				FF3848EA24C05E84005E4BFA /* OpacitySliderView.swift in Sources */,
				FF3848E824C05E57005E4BFA /* ColorSliderView.swift in Sources */,
				FF3848D624C05DB1005E4BFA /* SceneDelegate.swift in Sources */,
				FF3848D824C05DB1005E4BFA /* ContentView.swift in Sources */,
			);
			runOnlyForDeploymentPostprocessing = 0;
		};
/* End PBXSourcesBuildPhase section */

/* Begin PBXVariantGroup section */
		FF3848DE24C05DB2005E4BFA /* LaunchScreen.storyboard */ = {
			isa = PBXVariantGroup;
			children = (
				FF3848DF24C05DB2005E4BFA /* Base */,
			);
			name = LaunchScreen.storyboard;
			sourceTree = "<group>";
		};
/* End PBXVariantGroup section */

/* Begin XCBuildConfiguration section */
		FF3848E224C05DB2005E4BFA /* Debug */ = {
			isa = XCBuildConfiguration;
			buildSettings = {
				ALWAYS_SEARCH_USER_PATHS = NO;
				CLANG_ANALYZER_NONNULL = YES;
				CLANG_ANALYZER_NUMBER_OBJECT_CONVERSION = YES_AGGRESSIVE;
				CLANG_CXX_LANGUAGE_STANDARD = "gnu++14";
				CLANG_CXX_LIBRARY = "libc++";
				CLANG_ENABLE_MODULES = YES;
				CLANG_ENABLE_OBJC_ARC = YES;
				CLANG_ENABLE_OBJC_WEAK = YES;
				CLANG_WARN_BLOCK_CAPTURE_AUTORELEASING = YES;
				CLANG_WARN_BOOL_CONVERSION = YES;
				CLANG_WARN_COMMA = YES;
				CLANG_WARN_CONSTANT_CONVERSION = YES;
				CLANG_WARN_DEPRECATED_OBJC_IMPLEMENTATIONS = YES;
				CLANG_WARN_DIRECT_OBJC_ISA_USAGE = YES_ERROR;
				CLANG_WARN_DOCUMENTATION_COMMENTS = YES;
				CLANG_WARN_EMPTY_BODY = YES;
				CLANG_WARN_ENUM_CONVERSION = YES;
				CLANG_WARN_INFINITE_RECURSION = YES;
				CLANG_WARN_INT_CONVERSION = YES;
				CLANG_WARN_NON_LITERAL_NULL_CONVERSION = YES;
				CLANG_WARN_OBJC_IMPLICIT_RETAIN_SELF = YES;
				CLANG_WARN_OBJC_LITERAL_CONVERSION = YES;
				CLANG_WARN_OBJC_ROOT_CLASS = YES_ERROR;
				CLANG_WARN_RANGE_LOOP_ANALYSIS = YES;
				CLANG_WARN_STRICT_PROTOTYPES = YES;
				CLANG_WARN_SUSPICIOUS_MOVE = YES;
				CLANG_WARN_UNGUARDED_AVAILABILITY = YES_AGGRESSIVE;
				CLANG_WARN_UNREACHABLE_CODE = YES;
				CLANG_WARN__DUPLICATE_METHOD_MATCH = YES;
				COPY_PHASE_STRIP = NO;
				DEBUG_INFORMATION_FORMAT = dwarf;
				ENABLE_STRICT_OBJC_MSGSEND = YES;
				ENABLE_TESTABILITY = YES;
				GCC_C_LANGUAGE_STANDARD = gnu11;
				GCC_DYNAMIC_NO_PIC = NO;
				GCC_NO_COMMON_BLOCKS = YES;
				GCC_OPTIMIZATION_LEVEL = 0;
				GCC_PREPROCESSOR_DEFINITIONS = (
					"DEBUG=1",
					"$(inherited)",
				);
				GCC_WARN_64_TO_32_BIT_CONVERSION = YES;
				GCC_WARN_ABOUT_RETURN_TYPE = YES_ERROR;
				GCC_WARN_UNDECLARED_SELECTOR = YES;
				GCC_WARN_UNINITIALIZED_AUTOS = YES_AGGRESSIVE;
				GCC_WARN_UNUSED_FUNCTION = YES;
				GCC_WARN_UNUSED_VARIABLE = YES;
				IPHONEOS_DEPLOYMENT_TARGET = 13.5;
				MTL_ENABLE_DEBUG_INFO = INCLUDE_SOURCE;
				MTL_FAST_MATH = YES;
				ONLY_ACTIVE_ARCH = YES;
				SDKROOT = iphoneos;
				SWIFT_ACTIVE_COMPILATION_CONDITIONS = DEBUG;
				SWIFT_OPTIMIZATION_LEVEL = "-Onone";
			};
			name = Debug;
		};
		FF3848E324C05DB2005E4BFA /* Release */ = {
			isa = XCBuildConfiguration;
			buildSettings = {
				ALWAYS_SEARCH_USER_PATHS = NO;
				CLANG_ANALYZER_NONNULL = YES;
				CLANG_ANALYZER_NUMBER_OBJECT_CONVERSION = YES_AGGRESSIVE;
				CLANG_CXX_LANGUAGE_STANDARD = "gnu++14";
				CLANG_CXX_LIBRARY = "libc++";
				CLANG_ENABLE_MODULES = YES;
				CLANG_ENABLE_OBJC_ARC = YES;
				CLANG_ENABLE_OBJC_WEAK = YES;
				CLANG_WARN_BLOCK_CAPTURE_AUTORELEASING = YES;
				CLANG_WARN_BOOL_CONVERSION = YES;
				CLANG_WARN_COMMA = YES;
				CLANG_WARN_CONSTANT_CONVERSION = YES;
				CLANG_WARN_DEPRECATED_OBJC_IMPLEMENTATIONS = YES;
				CLANG_WARN_DIRECT_OBJC_ISA_USAGE = YES_ERROR;
				CLANG_WARN_DOCUMENTATION_COMMENTS = YES;
				CLANG_WARN_EMPTY_BODY = YES;
				CLANG_WARN_ENUM_CONVERSION = YES;
				CLANG_WARN_INFINITE_RECURSION = YES;
				CLANG_WARN_INT_CONVERSION = YES;
				CLANG_WARN_NON_LITERAL_NULL_CONVERSION = YES;
				CLANG_WARN_OBJC_IMPLICIT_RETAIN_SELF = YES;
				CLANG_WARN_OBJC_LITERAL_CONVERSION = YES;
				CLANG_WARN_OBJC_ROOT_CLASS = YES_ERROR;
				CLANG_WARN_RANGE_LOOP_ANALYSIS = YES;
				CLANG_WARN_STRICT_PROTOTYPES = YES;
				CLANG_WARN_SUSPICIOUS_MOVE = YES;
				CLANG_WARN_UNGUARDED_AVAILABILITY = YES_AGGRESSIVE;
				CLANG_WARN_UNREACHABLE_CODE = YES;
				CLANG_WARN__DUPLICATE_METHOD_MATCH = YES;
				COPY_PHASE_STRIP = NO;
				DEBUG_INFORMATION_FORMAT = "dwarf-with-dsym";
				ENABLE_NS_ASSERTIONS = NO;
				ENABLE_STRICT_OBJC_MSGSEND = YES;
				GCC_C_LANGUAGE_STANDARD = gnu11;
				GCC_NO_COMMON_BLOCKS = YES;
				GCC_WARN_64_TO_32_BIT_CONVERSION = YES;
				GCC_WARN_ABOUT_RETURN_TYPE = YES_ERROR;
				GCC_WARN_UNDECLARED_SELECTOR = YES;
				GCC_WARN_UNINITIALIZED_AUTOS = YES_AGGRESSIVE;
				GCC_WARN_UNUSED_FUNCTION = YES;
				GCC_WARN_UNUSED_VARIABLE = YES;
				IPHONEOS_DEPLOYMENT_TARGET = 13.5;
				MTL_ENABLE_DEBUG_INFO = NO;
				MTL_FAST_MATH = YES;
				SDKROOT = iphoneos;
				SWIFT_COMPILATION_MODE = wholemodule;
				SWIFT_OPTIMIZATION_LEVEL = "-O";
				VALIDATE_PRODUCT = YES;
			};
			name = Release;
		};
		FF3848E524C05DB2005E4BFA /* Debug */ = {
			isa = XCBuildConfiguration;
			buildSettings = {
				ASSETCATALOG_COMPILER_APPICON_NAME = AppIcon;
				CODE_SIGN_STYLE = Automatic;
				DEVELOPMENT_ASSET_PATHS = "\"SwiftUIDemoFive/Preview Content\"";
				DEVELOPMENT_TEAM = R975Y8X2C9;
				ENABLE_PREVIEWS = YES;
				INFOPLIST_FILE = SwiftUIDemoFive/Info.plist;
				LD_RUNPATH_SEARCH_PATHS = (
					"$(inherited)",
					"@executable_path/Frameworks",
				);
				PRODUCT_BUNDLE_IDENTIFIER = com.fahimrahman.SwiftUIDemoFive;
				PRODUCT_NAME = "$(TARGET_NAME)";
				SWIFT_VERSION = 5.0;
				TARGETED_DEVICE_FAMILY = "1,2";
			};
			name = Debug;
		};
		FF3848E624C05DB2005E4BFA /* Release */ = {
			isa = XCBuildConfiguration;
			buildSettings = {
				ASSETCATALOG_COMPILER_APPICON_NAME = AppIcon;
				CODE_SIGN_STYLE = Automatic;
				DEVELOPMENT_ASSET_PATHS = "\"SwiftUIDemoFive/Preview Content\"";
				DEVELOPMENT_TEAM = R975Y8X2C9;
				ENABLE_PREVIEWS = YES;
				INFOPLIST_FILE = SwiftUIDemoFive/Info.plist;
				LD_RUNPATH_SEARCH_PATHS = (
					"$(inherited)",
					"@executable_path/Frameworks",
				);
				PRODUCT_BUNDLE_IDENTIFIER = com.fahimrahman.SwiftUIDemoFive;
				PRODUCT_NAME = "$(TARGET_NAME)";
				SWIFT_VERSION = 5.0;
				TARGETED_DEVICE_FAMILY = "1,2";
			};
			name = Release;
		};
/* End XCBuildConfiguration section */

/* Begin XCConfigurationList section */
		FF3848CB24C05DB1005E4BFA /* Build configuration list for PBXProject "SwiftUIDemoFive" */ = {
			isa = XCConfigurationList;
			buildConfigurations = (
				FF3848E224C05DB2005E4BFA /* Debug */,
				FF3848E324C05DB2005E4BFA /* Release */,
			);
			defaultConfigurationIsVisible = 0;
			defaultConfigurationName = Release;
		};
		FF3848E424C05DB2005E4BFA /* Build configuration list for PBXNativeTarget "SwiftUIDemoFive" */ = {
			isa = XCConfigurationList;
			buildConfigurations = (
				FF3848E524C05DB2005E4BFA /* Debug */,
				FF3848E624C05DB2005E4BFA /* Release */,
			);
			defaultConfigurationIsVisible = 0;
			defaultConfigurationName = Release;
		};
/* End XCConfigurationList section */
	};
	rootObject = FF3848C824C05DB1005E4BFA /* Project object */;
}
